
Microsoft Visual Studio Solution File, Format Version 12.00
Project("{FAE04EC0-301F-11D3-BF4B-00C04F79EFBC}") = "CadastroProduto.Api", "CadastroProduto.Api\CadastroProduto.Api.csproj", "{C7D60419-3DF1-4266-A1E7-1D812B0A843A}"
EndProject
Global
	GlobalSection(SolutionConfigurationPlatforms) = preSolution
		Debug|Any CPU = Debug|Any CPU
		Release|Any CPU = Release|Any CPU
	EndGlobalSection
	GlobalSection(ProjectConfigurationPlatforms) = postSolution
		{C7D60419-3DF1-4266-A1E7-1D812B0A843A}.Debug|Any CPU.ActiveCfg = Debug|Any CPU
		{C7D60419-3DF1-4266-A1E7-1D812B0A843A}.Debug|Any CPU.Build.0 = Debug|Any CPU
		{C7D60419-3DF1-4266-A1E7-1D812B0A843A}.Release|Any CPU.ActiveCfg = Release|Any CPU
		{C7D60419-3DF1-4266-A1E7-1D812B0A843A}.Release|Any CPU.Build.0 = Release|Any CPU
	EndGlobalSection
EndGlobal
